// !$*UTF8*$!
{
	archiveVersion = 1;
	classes = {
	};
	objectVersion = 46;
	objects = {

/* Begin PBXBuildFile section */
		B411B59A1C32C7F300B675B1 /* TaskDatePickerScrollView.m in Sources */ = {isa = PBXBuildFile; fileRef = B411B5991C32C7F300B675B1 /* TaskDatePickerScrollView.m */; };
		B45146481C22BD7D00EF0B10 /* TaskDateButton.m in Sources */ = {isa = PBXBuildFile; fileRef = B45146471C22BD7D00EF0B10 /* TaskDateButton.m */; };
		B45C9BE71C2400F70001A43B /* TaskCalendarCollectionView.m in Sources */ = {isa = PBXBuildFile; fileRef = B45C9BE61C2400F70001A43B /* TaskCalendarCollectionView.m */; };
		B45C9BF01C2409A70001A43B /* TaskCollectionViewCell.m in Sources */ = {isa = PBXBuildFile; fileRef = B45C9BEE1C2409A70001A43B /* TaskCollectionViewCell.m */; };
		B45C9BF11C2409A70001A43B /* TaskCollectionViewCell.xib in Resources */ = {isa = PBXBuildFile; fileRef = B45C9BEF1C2409A70001A43B /* TaskCollectionViewCell.xib */; };
		B46F77D41C43F17A0061949F /* TaskCalendarColorTheme.m in Sources */ = {isa = PBXBuildFile; fileRef = B46F77D31C43F17A0061949F /* TaskCalendarColorTheme.m */; };
		B4DAAE671C219549005F8DA1 /* main.m in Sources */ = {isa = PBXBuildFile; fileRef = B4DAAE661C219549005F8DA1 /* main.m */; };
		B4DAAE6A1C219549005F8DA1 /* AppDelegate.m in Sources */ = {isa = PBXBuildFile; fileRef = B4DAAE691C219549005F8DA1 /* AppDelegate.m */; };
		B4DAAE6D1C219549005F8DA1 /* ViewController.m in Sources */ = {isa = PBXBuildFile; fileRef = B4DAAE6C1C219549005F8DA1 /* ViewController.m */; };
		B4DAAE701C219549005F8DA1 /* Main.storyboard in Resources */ = {isa = PBXBuildFile; fileRef = B4DAAE6E1C219549005F8DA1 /* Main.storyboard */; };
		B4DAAE731C219549005F8DA1 /* Calendar.xcdatamodeld in Sources */ = {isa = PBXBuildFile; fileRef = B4DAAE711C219549005F8DA1 /* Calendar.xcdatamodeld */; };
		B4DAAE751C219549005F8DA1 /* Assets.xcassets in Resources */ = {isa = PBXBuildFile; fileRef = B4DAAE741C219549005F8DA1 /* Assets.xcassets */; };
		B4DAAE781C219549005F8DA1 /* LaunchScreen.storyboard in Resources */ = {isa = PBXBuildFile; fileRef = B4DAAE761C219549005F8DA1 /* LaunchScreen.storyboard */; };
		B4DAAE811C219586005F8DA1 /* TaskCalendar.xib in Resources */ = {isa = PBXBuildFile; fileRef = B4DAAE801C219586005F8DA1 /* TaskCalendar.xib */; };
		B4DAAE841C21961C005F8DA1 /* TaskCalendar.m in Sources */ = {isa = PBXBuildFile; fileRef = B4DAAE831C21961C005F8DA1 /* TaskCalendar.m */; };
		B4F9857A1C3AB1520049E981 /* TaskMonthView.m in Sources */ = {isa = PBXBuildFile; fileRef = B4F985791C3AB1520049E981 /* TaskMonthView.m */; };
		B4F9857C1C3AB1870049E981 /* TaskMonthView.xib in Resources */ = {isa = PBXBuildFile; fileRef = B4F9857B1C3AB1870049E981 /* TaskMonthView.xib */; };
		CDE3D0A9D719BCED1101C57C /* TaskDateQuickSnapManager.m in Sources */ = {isa = PBXBuildFile; fileRef = CDE3DB472BA8E8A2D0BE1DB2 /* TaskDateQuickSnapManager.m */; };
		CDE3D89C40A97DDC29706AB4 /* TaskDateComponentsContext.m in Sources */ = {isa = PBXBuildFile; fileRef = CDE3DD121A3CA66D590BBBCC /* TaskDateComponentsContext.m */; };
		CDE3DD28EE12E5BF6901699F /* TaskQuickDateButton.m in Sources */ = {isa = PBXBuildFile; fileRef = CDE3DE5288F0CED5FF05CAF5 /* TaskQuickDateButton.m */; };
/* End PBXBuildFile section */

/* Begin PBXFileReference section */
		B411B5981C32C7F300B675B1 /* TaskDatePickerScrollView.h */ = {isa = PBXFileReference; fileEncoding = 4; lastKnownFileType = sourcecode.c.h; name = TaskDatePickerScrollView.h; path = TaskDatePickerScrollView/TaskDatePickerScrollView.h; sourceTree = "<group>"; };
		B411B5991C32C7F300B675B1 /* TaskDatePickerScrollView.m */ = {isa = PBXFileReference; fileEncoding = 4; lastKnownFileType = sourcecode.c.objc; name = TaskDatePickerScrollView.m; path = TaskDatePickerScrollView/TaskDatePickerScrollView.m; sourceTree = "<group>"; };
		B45146461C22BD7D00EF0B10 /* TaskDateButton.h */ = {isa = PBXFileReference; fileEncoding = 4; lastKnownFileType = sourcecode.c.h; name = TaskDateButton.h; path = TaskDateButton/TaskDateButton.h; sourceTree = "<group>"; };
		B45146471C22BD7D00EF0B10 /* TaskDateButton.m */ = {isa = PBXFileReference; fileEncoding = 4; lastKnownFileType = sourcecode.c.objc; name = TaskDateButton.m; path = TaskDateButton/TaskDateButton.m; sourceTree = "<group>"; };
		B45C9BE51C2400F70001A43B /* TaskCalendarCollectionView.h */ = {isa = PBXFileReference; fileEncoding = 4; lastKnownFileType = sourcecode.c.h; name = TaskCalendarCollectionView.h; path = TaskCalendarCollectionView/TaskCalendarCollectionView.h; sourceTree = "<group>"; };
		B45C9BE61C2400F70001A43B /* TaskCalendarCollectionView.m */ = {isa = PBXFileReference; fileEncoding = 4; lastKnownFileType = sourcecode.c.objc; name = TaskCalendarCollectionView.m; path = TaskCalendarCollectionView/TaskCalendarCollectionView.m; sourceTree = "<group>"; };
		B45C9BED1C2409A70001A43B /* TaskCollectionViewCell.h */ = {isa = PBXFileReference; fileEncoding = 4; lastKnownFileType = sourcecode.c.h; name = TaskCollectionViewCell.h; path = TaskCollectionViewCell/TaskCollectionViewCell.h; sourceTree = "<group>"; };
		B45C9BEE1C2409A70001A43B /* TaskCollectionViewCell.m */ = {isa = PBXFileReference; fileEncoding = 4; lastKnownFileType = sourcecode.c.objc; name = TaskCollectionViewCell.m; path = TaskCollectionViewCell/TaskCollectionViewCell.m; sourceTree = "<group>"; };
		B45C9BEF1C2409A70001A43B /* TaskCollectionViewCell.xib */ = {isa = PBXFileReference; fileEncoding = 4; lastKnownFileType = file.xib; name = TaskCollectionViewCell.xib; path = TaskCollectionViewCell/TaskCollectionViewCell.xib; sourceTree = "<group>"; };
		B46F77D21C43F17A0061949F /* TaskCalendarColorTheme.h */ = {isa = PBXFileReference; fileEncoding = 4; lastKnownFileType = sourcecode.c.h; name = TaskCalendarColorTheme.h; path = TaskCalendarColorTheme/TaskCalendarColorTheme.h; sourceTree = "<group>"; };
		B46F77D31C43F17A0061949F /* TaskCalendarColorTheme.m */ = {isa = PBXFileReference; fileEncoding = 4; lastKnownFileType = sourcecode.c.objc; name = TaskCalendarColorTheme.m; path = TaskCalendarColorTheme/TaskCalendarColorTheme.m; sourceTree = "<group>"; };
		B4DAAE621C219549005F8DA1 /* Calendar.app */ = {isa = PBXFileReference; explicitFileType = wrapper.application; includeInIndex = 0; path = Calendar.app; sourceTree = BUILT_PRODUCTS_DIR; };
		B4DAAE661C219549005F8DA1 /* main.m */ = {isa = PBXFileReference; lastKnownFileType = sourcecode.c.objc; path = main.m; sourceTree = "<group>"; };
		B4DAAE681C219549005F8DA1 /* AppDelegate.h */ = {isa = PBXFileReference; lastKnownFileType = sourcecode.c.h; path = AppDelegate.h; sourceTree = "<group>"; };
		B4DAAE691C219549005F8DA1 /* AppDelegate.m */ = {isa = PBXFileReference; lastKnownFileType = sourcecode.c.objc; path = AppDelegate.m; sourceTree = "<group>"; };
		B4DAAE6B1C219549005F8DA1 /* ViewController.h */ = {isa = PBXFileReference; lastKnownFileType = sourcecode.c.h; path = ViewController.h; sourceTree = "<group>"; };
		B4DAAE6C1C219549005F8DA1 /* ViewController.m */ = {isa = PBXFileReference; lastKnownFileType = sourcecode.c.objc; path = ViewController.m; sourceTree = "<group>"; };
		B4DAAE6F1C219549005F8DA1 /* Base */ = {isa = PBXFileReference; lastKnownFileType = file.storyboard; name = Base; path = Base.lproj/Main.storyboard; sourceTree = "<group>"; };
		B4DAAE721C219549005F8DA1 /* Calendar.xcdatamodel */ = {isa = PBXFileReference; lastKnownFileType = wrapper.xcdatamodel; path = Calendar.xcdatamodel; sourceTree = "<group>"; };
		B4DAAE741C219549005F8DA1 /* Assets.xcassets */ = {isa = PBXFileReference; lastKnownFileType = folder.assetcatalog; path = Assets.xcassets; sourceTree = "<group>"; };
		B4DAAE771C219549005F8DA1 /* Base */ = {isa = PBXFileReference; lastKnownFileType = file.storyboard; name = Base; path = Base.lproj/LaunchScreen.storyboard; sourceTree = "<group>"; };
		B4DAAE791C219549005F8DA1 /* Info.plist */ = {isa = PBXFileReference; lastKnownFileType = text.plist.xml; path = Info.plist; sourceTree = "<group>"; };
		B4DAAE801C219586005F8DA1 /* TaskCalendar.xib */ = {isa = PBXFileReference; fileEncoding = 4; lastKnownFileType = file.xib; path = TaskCalendar.xib; sourceTree = "<group>"; };
		B4DAAE821C21961C005F8DA1 /* TaskCalendar.h */ = {isa = PBXFileReference; fileEncoding = 4; lastKnownFileType = sourcecode.c.h; path = TaskCalendar.h; sourceTree = "<group>"; };
		B4DAAE831C21961C005F8DA1 /* TaskCalendar.m */ = {isa = PBXFileReference; fileEncoding = 4; lastKnownFileType = sourcecode.c.objc; path = TaskCalendar.m; sourceTree = "<group>"; };
		B4F985781C3AB1520049E981 /* TaskMonthView.h */ = {isa = PBXFileReference; fileEncoding = 4; lastKnownFileType = sourcecode.c.h; name = TaskMonthView.h; path = TaskMonthView/TaskMonthView.h; sourceTree = "<group>"; };
		B4F985791C3AB1520049E981 /* TaskMonthView.m */ = {isa = PBXFileReference; fileEncoding = 4; lastKnownFileType = sourcecode.c.objc; name = TaskMonthView.m; path = TaskMonthView/TaskMonthView.m; sourceTree = "<group>"; };
		B4F9857B1C3AB1870049E981 /* TaskMonthView.xib */ = {isa = PBXFileReference; fileEncoding = 4; lastKnownFileType = file.xib; name = TaskMonthView.xib; path = TaskMonthView/TaskMonthView.xib; sourceTree = "<group>"; };
		CDE3D958249B4452DAE180FD /* TaskDateComponentsContext.h */ = {isa = PBXFileReference; fileEncoding = 4; lastKnownFileType = sourcecode.c.h; name = TaskDateComponentsContext.h; path = TaskDateQuickSnapManager/TaskDateComponentsContext.h; sourceTree = "<group>"; };
		CDE3D9A9FBD730E91C6E4892 /* TaskDateQuickSnapManager.h */ = {isa = PBXFileReference; fileEncoding = 4; lastKnownFileType = sourcecode.c.h; name = TaskDateQuickSnapManager.h; path = TaskDateQuickSnapManager/TaskDateQuickSnapManager.h; sourceTree = "<group>"; };
		CDE3D9D3E32BEBEEF5BB545A /* TaskQuickDateButton.h */ = {isa = PBXFileReference; fileEncoding = 4; lastKnownFileType = sourcecode.c.h; name = TaskQuickDateButton.h; path = TaskDateButton/TaskQuickDateButton.h; sourceTree = "<group>"; };
		CDE3DB472BA8E8A2D0BE1DB2 /* TaskDateQuickSnapManager.m */ = {isa = PBXFileReference; fileEncoding = 4; lastKnownFileType = sourcecode.c.objc; name = TaskDateQuickSnapManager.m; path = TaskDateQuickSnapManager/TaskDateQuickSnapManager.m; sourceTree = "<group>"; };
		CDE3DD121A3CA66D590BBBCC /* TaskDateComponentsContext.m */ = {isa = PBXFileReference; fileEncoding = 4; lastKnownFileType = sourcecode.c.objc; name = TaskDateComponentsContext.m; path = TaskDateQuickSnapManager/TaskDateComponentsContext.m; sourceTree = "<group>"; };
		CDE3DE5288F0CED5FF05CAF5 /* TaskQuickDateButton.m */ = {isa = PBXFileReference; fileEncoding = 4; lastKnownFileType = sourcecode.c.objc; name = TaskQuickDateButton.m; path = TaskDateButton/TaskQuickDateButton.m; sourceTree = "<group>"; };
/* End PBXFileReference section */

/* Begin PBXFrameworksBuildPhase section */
		B4DAAE5F1C219549005F8DA1 /* Frameworks */ = {
			isa = PBXFrameworksBuildPhase;
			buildActionMask = 2147483647;
			files = (
			);
			runOnlyForDeploymentPostprocessing = 0;
		};
/* End PBXFrameworksBuildPhase section */

/* Begin PBXGroup section */
		B411B5971C32C79900B675B1 /* TaskDatePickerScrollView */ = {
			isa = PBXGroup;
			children = (
				B411B5981C32C7F300B675B1 /* TaskDatePickerScrollView.h */,
				B411B5991C32C7F300B675B1 /* TaskDatePickerScrollView.m */,
			);
			name = TaskDatePickerScrollView;
			sourceTree = "<group>";
		};
		B45146451C22BD3D00EF0B10 /* TaskDateButton */ = {
			isa = PBXGroup;
			children = (
				B45146461C22BD7D00EF0B10 /* TaskDateButton.h */,
				B45146471C22BD7D00EF0B10 /* TaskDateButton.m */,
				CDE3DE5288F0CED5FF05CAF5 /* TaskQuickDateButton.m */,
				CDE3D9D3E32BEBEEF5BB545A /* TaskQuickDateButton.h */,
			);
			name = TaskDateButton;
			sourceTree = "<group>";
		};
		B45C9BE41C2400BF0001A43B /* TaskCalendarCollectionView */ = {
			isa = PBXGroup;
			children = (
				B45C9BE51C2400F70001A43B /* TaskCalendarCollectionView.h */,
				B45C9BE61C2400F70001A43B /* TaskCalendarCollectionView.m */,
			);
			name = TaskCalendarCollectionView;
			sourceTree = "<group>";
		};
		B45C9BEC1C2409850001A43B /* TaskCollectionViewCell */ = {
			isa = PBXGroup;
			children = (
				B45C9BED1C2409A70001A43B /* TaskCollectionViewCell.h */,
				B45C9BEE1C2409A70001A43B /* TaskCollectionViewCell.m */,
				B45C9BEF1C2409A70001A43B /* TaskCollectionViewCell.xib */,
			);
			name = TaskCollectionViewCell;
			sourceTree = "<group>";
		};
		B46F77D11C43F1370061949F /* TaskCalendarColorTheme */ = {
			isa = PBXGroup;
			children = (
				B46F77D21C43F17A0061949F /* TaskCalendarColorTheme.h */,
				B46F77D31C43F17A0061949F /* TaskCalendarColorTheme.m */,
			);
			name = TaskCalendarColorTheme;
			sourceTree = "<group>";
		};
		B4DAAE591C219549005F8DA1 = {
			isa = PBXGroup;
			children = (
				B4DAAE641C219549005F8DA1 /* Calendar */,
				B4DAAE631C219549005F8DA1 /* Products */,
			);
			sourceTree = "<group>";
		};
		B4DAAE631C219549005F8DA1 /* Products */ = {
			isa = PBXGroup;
			children = (
				B4DAAE621C219549005F8DA1 /* Calendar.app */,
			);
			name = Products;
			sourceTree = "<group>";
		};
		B4DAAE641C219549005F8DA1 /* Calendar */ = {
			isa = PBXGroup;
			children = (
				B4DAAE7F1C21954F005F8DA1 /* Calendar */,
				B4DAAE681C219549005F8DA1 /* AppDelegate.h */,
				B4DAAE691C219549005F8DA1 /* AppDelegate.m */,
				B4DAAE6B1C219549005F8DA1 /* ViewController.h */,
				B4DAAE6C1C219549005F8DA1 /* ViewController.m */,
				B4DAAE6E1C219549005F8DA1 /* Main.storyboard */,
				B4DAAE741C219549005F8DA1 /* Assets.xcassets */,
				B4DAAE761C219549005F8DA1 /* LaunchScreen.storyboard */,
				B4DAAE791C219549005F8DA1 /* Info.plist */,
				B4DAAE711C219549005F8DA1 /* Calendar.xcdatamodeld */,
				B4DAAE651C219549005F8DA1 /* Supporting Files */,
			);
			path = Calendar;
			sourceTree = "<group>";
		};
		B4DAAE651C219549005F8DA1 /* Supporting Files */ = {
			isa = PBXGroup;
			children = (
				B4DAAE661C219549005F8DA1 /* main.m */,
			);
			name = "Supporting Files";
			sourceTree = "<group>";
		};
		B4DAAE7F1C21954F005F8DA1 /* Calendar */ = {
			isa = PBXGroup;
			children = (
				B46F77D11C43F1370061949F /* TaskCalendarColorTheme */,
				B4F985771C3AB11F0049E981 /* TaskMonthView */,
				B411B5971C32C79900B675B1 /* TaskDatePickerScrollView */,
				B45C9BEC1C2409850001A43B /* TaskCollectionViewCell */,
				B45C9BE41C2400BF0001A43B /* TaskCalendarCollectionView */,
				B45146451C22BD3D00EF0B10 /* TaskDateButton */,
				B4DAAE801C219586005F8DA1 /* TaskCalendar.xib */,
				B4DAAE821C21961C005F8DA1 /* TaskCalendar.h */,
				B4DAAE831C21961C005F8DA1 /* TaskCalendar.m */,
				CDE3D77DAD41968B76FA013C /* TaskDateQuickSnapManager */,
			);
			name = Calendar;
			sourceTree = "<group>";
		};
		B4F985771C3AB11F0049E981 /* TaskMonthView */ = {
			isa = PBXGroup;
			children = (
				B4F985781C3AB1520049E981 /* TaskMonthView.h */,
				B4F985791C3AB1520049E981 /* TaskMonthView.m */,
				B4F9857B1C3AB1870049E981 /* TaskMonthView.xib */,
			);
			name = TaskMonthView;
			sourceTree = "<group>";
		};
		CDE3D77DAD41968B76FA013C /* TaskDateQuickSnapManager */ = {
			isa = PBXGroup;
			children = (
				CDE3DB472BA8E8A2D0BE1DB2 /* TaskDateQuickSnapManager.m */,
				CDE3D9A9FBD730E91C6E4892 /* TaskDateQuickSnapManager.h */,
				CDE3DD121A3CA66D590BBBCC /* TaskDateComponentsContext.m */,
				CDE3D958249B4452DAE180FD /* TaskDateComponentsContext.h */,
			);
			name = TaskDateQuickSnapManager;
			sourceTree = "<group>";
		};
/* End PBXGroup section */

/* Begin PBXNativeTarget section */
		B4DAAE611C219549005F8DA1 /* Calendar */ = {
			isa = PBXNativeTarget;
			buildConfigurationList = B4DAAE7C1C219549005F8DA1 /* Build configuration list for PBXNativeTarget "Calendar" */;
			buildPhases = (
				B4DAAE5E1C219549005F8DA1 /* Sources */,
				B4DAAE5F1C219549005F8DA1 /* Frameworks */,
				B4DAAE601C219549005F8DA1 /* Resources */,
			);
			buildRules = (
			);
			dependencies = (
			);
			name = Calendar;
			productName = Calendar;
			productReference = B4DAAE621C219549005F8DA1 /* Calendar.app */;
			productType = "com.apple.product-type.application";
		};
/* End PBXNativeTarget section */

/* Begin PBXProject section */
		B4DAAE5A1C219549005F8DA1 /* Project object */ = {
			isa = PBXProject;
			attributes = {
				LastUpgradeCheck = 0720;
				ORGANIZATIONNAME = Alexander;
				TargetAttributes = {
					B4DAAE611C219549005F8DA1 = {
						CreatedOnToolsVersion = 7.2;
						DevelopmentTeam = U9D2RMPJ2Z;
					};
				};
			};
			buildConfigurationList = B4DAAE5D1C219549005F8DA1 /* Build configuration list for PBXProject "Calendar" */;
			compatibilityVersion = "Xcode 3.2";
			developmentRegion = English;
			hasScannedForEncodings = 0;
			knownRegions = (
				en,
				Base,
			);
			mainGroup = B4DAAE591C219549005F8DA1;
			productRefGroup = B4DAAE631C219549005F8DA1 /* Products */;
			projectDirPath = "";
			projectRoot = "";
			targets = (
				B4DAAE611C219549005F8DA1 /* Calendar */,
			);
		};
/* End PBXProject section */

/* Begin PBXResourcesBuildPhase section */
		B4DAAE601C219549005F8DA1 /* Resources */ = {
			isa = PBXResourcesBuildPhase;
			buildActionMask = 2147483647;
			files = (
				B4F9857C1C3AB1870049E981 /* TaskMonthView.xib in Resources */,
				B4DAAE781C219549005F8DA1 /* LaunchScreen.storyboard in Resources */,
				B45C9BF11C2409A70001A43B /* TaskCollectionViewCell.xib in Resources */,
				B4DAAE751C219549005F8DA1 /* Assets.xcassets in Resources */,
				B4DAAE811C219586005F8DA1 /* TaskCalendar.xib in Resources */,
				B4DAAE701C219549005F8DA1 /* Main.storyboard in Resources */,
			);
			runOnlyForDeploymentPostprocessing = 0;
		};
/* End PBXResourcesBuildPhase section */

/* Begin PBXSourcesBuildPhase section */
		B4DAAE5E1C219549005F8DA1 /* Sources */ = {
			isa = PBXSourcesBuildPhase;
			buildActionMask = 2147483647;
			files = (
				B4DAAE841C21961C005F8DA1 /* TaskCalendar.m in Sources */,
				B411B59A1C32C7F300B675B1 /* TaskDatePickerScrollView.m in Sources */,
				B45C9BE71C2400F70001A43B /* TaskCalendarCollectionView.m in Sources */,
				B45C9BF01C2409A70001A43B /* TaskCollectionViewCell.m in Sources */,
				B46F77D41C43F17A0061949F /* TaskCalendarColorTheme.m in Sources */,
				B4DAAE6D1C219549005F8DA1 /* ViewController.m in Sources */,
				B45146481C22BD7D00EF0B10 /* TaskDateButton.m in Sources */,
				B4DAAE6A1C219549005F8DA1 /* AppDelegate.m in Sources */,
				B4DAAE671C219549005F8DA1 /* main.m in Sources */,
				B4DAAE731C219549005F8DA1 /* Calendar.xcdatamodeld in Sources */,
				CDE3D0A9D719BCED1101C57C /* TaskDateQuickSnapManager.m in Sources */,
				CDE3DD28EE12E5BF6901699F /* TaskQuickDateButton.m in Sources */,
				B4F9857A1C3AB1520049E981 /* TaskMonthView.m in Sources */,
				CDE3D89C40A97DDC29706AB4 /* TaskDateComponentsContext.m in Sources */,
			);
			runOnlyForDeploymentPostprocessing = 0;
		};
/* End PBXSourcesBuildPhase section */

/* Begin PBXVariantGroup section */
		B4DAAE6E1C219549005F8DA1 /* Main.storyboard */ = {
			isa = PBXVariantGroup;
			children = (
				B4DAAE6F1C219549005F8DA1 /* Base */,
			);
			name = Main.storyboard;
			sourceTree = "<group>";
		};
		B4DAAE761C219549005F8DA1 /* LaunchScreen.storyboard */ = {
			isa = PBXVariantGroup;
			children = (
				B4DAAE771C219549005F8DA1 /* Base */,
			);
			name = LaunchScreen.storyboard;
			sourceTree = "<group>";
		};
/* End PBXVariantGroup section */

/* Begin XCBuildConfiguration section */
		B4DAAE7A1C219549005F8DA1 /* Debug */ = {
			isa = XCBuildConfiguration;
			buildSettings = {
				ALWAYS_SEARCH_USER_PATHS = NO;
				CLANG_CXX_LANGUAGE_STANDARD = "gnu++0x";
				CLANG_CXX_LIBRARY = "libc++";
				CLANG_ENABLE_MODULES = YES;
				CLANG_ENABLE_OBJC_ARC = YES;
				CLANG_WARN_BOOL_CONVERSION = YES;
				CLANG_WARN_CONSTANT_CONVERSION = YES;
				CLANG_WARN_DIRECT_OBJC_ISA_USAGE = YES_ERROR;
				CLANG_WARN_EMPTY_BODY = YES;
				CLANG_WARN_ENUM_CONVERSION = YES;
				CLANG_WARN_INT_CONVERSION = YES;
				CLANG_WARN_OBJC_ROOT_CLASS = YES_ERROR;
				CLANG_WARN_UNREACHABLE_CODE = YES;
				CLANG_WARN__DUPLICATE_METHOD_MATCH = YES;
				"CODE_SIGN_IDENTITY[sdk=iphoneos*]" = "iPhone Developer";
				COPY_PHASE_STRIP = NO;
				DEBUG_INFORMATION_FORMAT = dwarf;
				ENABLE_STRICT_OBJC_MSGSEND = YES;
				ENABLE_TESTABILITY = YES;
				GCC_C_LANGUAGE_STANDARD = gnu99;
				GCC_DYNAMIC_NO_PIC = NO;
				GCC_NO_COMMON_BLOCKS = YES;
				GCC_OPTIMIZATION_LEVEL = 0;
				GCC_PREPROCESSOR_DEFINITIONS = (
					"DEBUG=1",
					"$(inherited)",
				);
				GCC_WARN_64_TO_32_BIT_CONVERSION = YES;
				GCC_WARN_ABOUT_RETURN_TYPE = YES_ERROR;
				GCC_WARN_UNDECLARED_SELECTOR = YES;
				GCC_WARN_UNINITIALIZED_AUTOS = YES_AGGRESSIVE;
				GCC_WARN_UNUSED_FUNCTION = YES;
				GCC_WARN_UNUSED_VARIABLE = YES;
				IPHONEOS_DEPLOYMENT_TARGET = 8.0;
				MTL_ENABLE_DEBUG_INFO = YES;
				ONLY_ACTIVE_ARCH = YES;
				SDKROOT = iphoneos;
				TARGETED_DEVICE_FAMILY = "1,2";
			};
			name = Debug;
		};
		B4DAAE7B1C219549005F8DA1 /* Release */ = {
			isa = XCBuildConfiguration;
			buildSettings = {
				ALWAYS_SEARCH_USER_PATHS = NO;
				CLANG_CXX_LANGUAGE_STANDARD = "gnu++0x";
				CLANG_CXX_LIBRARY = "libc++";
				CLANG_ENABLE_MODULES = YES;
				CLANG_ENABLE_OBJC_ARC = YES;
				CLANG_WARN_BOOL_CONVERSION = YES;
				CLANG_WARN_CONSTANT_CONVERSION = YES;
				CLANG_WARN_DIRECT_OBJC_ISA_USAGE = YES_ERROR;
				CLANG_WARN_EMPTY_BODY = YES;
				CLANG_WARN_ENUM_CONVERSION = YES;
				CLANG_WARN_INT_CONVERSION = YES;
				CLANG_WARN_OBJC_ROOT_CLASS = YES_ERROR;
				CLANG_WARN_UNREACHABLE_CODE = YES;
				CLANG_WARN__DUPLICATE_METHOD_MATCH = YES;
				"CODE_SIGN_IDENTITY[sdk=iphoneos*]" = "iPhone Developer";
				COPY_PHASE_STRIP = NO;
				DEBUG_INFORMATION_FORMAT = "dwarf-with-dsym";
				ENABLE_NS_ASSERTIONS = NO;
				ENABLE_STRICT_OBJC_MSGSEND = YES;
				GCC_C_LANGUAGE_STANDARD = gnu99;
				GCC_NO_COMMON_BLOCKS = YES;
				GCC_WARN_64_TO_32_BIT_CONVERSION = YES;
				GCC_WARN_ABOUT_RETURN_TYPE = YES_ERROR;
				GCC_WARN_UNDECLARED_SELECTOR = YES;
				GCC_WARN_UNINITIALIZED_AUTOS = YES_AGGRESSIVE;
				GCC_WARN_UNUSED_FUNCTION = YES;
				GCC_WARN_UNUSED_VARIABLE = YES;
				IPHONEOS_DEPLOYMENT_TARGET = 8.0;
				MTL_ENABLE_DEBUG_INFO = NO;
				SDKROOT = iphoneos;
				TARGETED_DEVICE_FAMILY = "1,2";
				VALIDATE_PRODUCT = YES;
			};
			name = Release;
		};
		B4DAAE7D1C219549005F8DA1 /* Debug */ = {
			isa = XCBuildConfiguration;
			buildSettings = {
				ASSETCATALOG_COMPILER_APPICON_NAME = AppIcon;
				INFOPLIST_FILE = Calendar/Info.plist;
				IPHONEOS_DEPLOYMENT_TARGET = 8.0;
				LD_RUNPATH_SEARCH_PATHS = "$(inherited) @executable_path/Frameworks";
				PRODUCT_BUNDLE_IDENTIFIER = SolbegSoft.Calendar;
				PRODUCT_NAME = "$(TARGET_NAME)";
				TARGETED_DEVICE_FAMILY = 1;
			};
			name = Debug;
		};
		B4DAAE7E1C219549005F8DA1 /* Release */ = {
			isa = XCBuildConfiguration;
			buildSettings = {
				ASSETCATALOG_COMPILER_APPICON_NAME = AppIcon;
				INFOPLIST_FILE = Calendar/Info.plist;
				IPHONEOS_DEPLOYMENT_TARGET = 8.0;
				LD_RUNPATH_SEARCH_PATHS = "$(inherited) @executable_path/Frameworks";
				PRODUCT_BUNDLE_IDENTIFIER = SolbegSoft.Calendar;
				PRODUCT_NAME = "$(TARGET_NAME)";
				TARGETED_DEVICE_FAMILY = 1;
			};
			name = Release;
		};
/* End XCBuildConfiguration section */

/* Begin XCConfigurationList section */
		B4DAAE5D1C219549005F8DA1 /* Build configuration list for PBXProject "Calendar" */ = {
			isa = XCConfigurationList;
			buildConfigurations = (
				B4DAAE7A1C219549005F8DA1 /* Debug */,
				B4DAAE7B1C219549005F8DA1 /* Release */,
			);
			defaultConfigurationIsVisible = 0;
			defaultConfigurationName = Release;
		};
		B4DAAE7C1C219549005F8DA1 /* Build configuration list for PBXNativeTarget "Calendar" */ = {
			isa = XCConfigurationList;
			buildConfigurations = (
				B4DAAE7D1C219549005F8DA1 /* Debug */,
				B4DAAE7E1C219549005F8DA1 /* Release */,
			);
			defaultConfigurationIsVisible = 0;
			defaultConfigurationName = Release;
		};
/* End XCConfigurationList section */

/* Begin XCVersionGroup section */
		B4DAAE711C219549005F8DA1 /* Calendar.xcdatamodeld */ = {
			isa = XCVersionGroup;
			children = (
				B4DAAE721C219549005F8DA1 /* Calendar.xcdatamodel */,
			);
			currentVersion = B4DAAE721C219549005F8DA1 /* Calendar.xcdatamodel */;
			path = Calendar.xcdatamodeld;
			sourceTree = "<group>";
			versionGroupType = wrapper.xcdatamodel;
		};
/* End XCVersionGroup section */
	};
	rootObject = B4DAAE5A1C219549005F8DA1 /* Project object */;
}
